{
  "name": "controlledenv",
  "lockfileVersion": 3,
  "requires": true,
  "packages": {
    "": {
      "dependencies": {
        "kahoot.js-updated": "^3.404.1"
      }
    },
    "node_modules/kahoot.js-updated": {
      "version": "3.404.1",
      "resolved": "https://registry.npmjs.org/kahoot.js-updated/-/kahoot.js-updated-3.404.1.tgz",
      "integrity": "sha512-C+eghJunhVmasizGvP4MkZjNCsTrKUwmIrSQBKQ8/BPCqQYy5aqMcZID1rKam0YAjY1GgnYq96lWeUWqxyxW1w==",
      "deprecated": "kahoot.js-updated is no longer maintained",
      "engines": {
        "node": ">=10.9.0"
      }
    }
  }
}
